
Microsoft Visual Studio Solution File, Format Version 12.00
# Visual Studio Version 17
VisualStudioVersion = 17.5.33530.505
MinimumVisualStudioVersion = 10.0.40219.1
Project("{FAE04EC0-301F-11D3-BF4B-00C04F79EFBC}") = "EF-Intro", "EF-Fundamnatals\EF-Intro.csproj", "{1D93A485-894F-4640-85EF-2C17EB0755E5}"
EndProject
Global
	GlobalSection(SolutionConfigurationPlatforms) = preSolution
		Debug|Any CPU = Debug|Any CPU
		Release|Any CPU = Release|Any CPU
	EndGlobalSection
	GlobalSection(ProjectConfigurationPlatforms) = postSolution
		{1D93A485-894F-4640-85EF-2C17EB0755E5}.Debug|Any CPU.ActiveCfg = Debug|Any CPU
		{1D93A485-894F-4640-85EF-2C17EB0755E5}.Debug|Any CPU.Build.0 = Debug|Any CPU
		{1D93A485-894F-4640-85EF-2C17EB0755E5}.Release|Any CPU.ActiveCfg = Release|Any CPU
		{1D93A485-894F-4640-85EF-2C17EB0755E5}.Release|Any CPU.Build.0 = Release|Any CPU
	EndGlobalSection
	GlobalSection(SolutionProperties) = preSolution
		HideSolutionNode = FALSE
	EndGlobalSection
	GlobalSection(ExtensibilityGlobals) = postSolution
		SolutionGuid = {82973FD5-03A6-4DCC-8FD1-4FB95DA7C751}
	EndGlobalSection
EndGlobal
