
Microsoft Visual Studio Solution File, Format Version 12.00
# Visual Studio Version 17
VisualStudioVersion = 17.5.33530.505
MinimumVisualStudioVersion = 10.0.40219.1
Project("{FAE04EC0-301F-11D3-BF4B-00C04F79EFBC}") = "P02_FootballBetting", "P02_FootballBetting\P02_FootballBetting.csproj", "{4FAED573-35FB-4F1A-9083-99E8F13760C5}"
EndProject
Global
	GlobalSection(SolutionConfigurationPlatforms) = preSolution
		Debug|Any CPU = Debug|Any CPU
		Release|Any CPU = Release|Any CPU
	EndGlobalSection
	GlobalSection(ProjectConfigurationPlatforms) = postSolution
		{4FAED573-35FB-4F1A-9083-99E8F13760C5}.Debug|Any CPU.ActiveCfg = Debug|Any CPU
		{4FAED573-35FB-4F1A-9083-99E8F13760C5}.Debug|Any CPU.Build.0 = Debug|Any CPU
		{4FAED573-35FB-4F1A-9083-99E8F13760C5}.Release|Any CPU.ActiveCfg = Release|Any CPU
		{4FAED573-35FB-4F1A-9083-99E8F13760C5}.Release|Any CPU.Build.0 = Release|Any CPU
	EndGlobalSection
	GlobalSection(SolutionProperties) = preSolution
		HideSolutionNode = FALSE
	EndGlobalSection
	GlobalSection(ExtensibilityGlobals) = postSolution
		SolutionGuid = {3EE09E7E-7994-439E-9FA9-DD075B2C90C7}
	EndGlobalSection
EndGlobal
